// !$*UTF8*$!
{
	archiveVersion = 1;
	classes = {
	};
	objectVersion = 56;
	objects = {

/* Begin PBXBuildFile section */
		B5503E9E2C6FBD34004E4F27 /* XCTestCase + MemoryLeakTracking.swift in Sources */ = {isa = PBXBuildFile; fileRef = B5503E9D2C6FBD34004E4F27 /* XCTestCase + MemoryLeakTracking.swift */; };
		B5503EA02C70443B004E4F27 /* URLSessionHttpClient.swift in Sources */ = {isa = PBXBuildFile; fileRef = B5503E9F2C70443B004E4F27 /* URLSessionHttpClient.swift */; };
		B5521D472C9B5F380024500A /* FeedCachePolicy.swift in Sources */ = {isa = PBXBuildFile; fileRef = B5521D462C9B5F380024500A /* FeedCachePolicy.swift */; };
		B567ED492C5D2C95006240C0 /* RemoteFeedLoaderTests.swift in Sources */ = {isa = PBXBuildFile; fileRef = B567ED482C5D2C95006240C0 /* RemoteFeedLoaderTests.swift */; };
		B5A780022C74E08C00D6CD4F /* EssentailFeedAPIEndToEndTests.swift in Sources */ = {isa = PBXBuildFile; fileRef = B5A780012C74E08C00D6CD4F /* EssentailFeedAPIEndToEndTests.swift */; };
		B5A780032C74E08C00D6CD4F /* EssentailFeed.framework in Frameworks */ = {isa = PBXBuildFile; fileRef = B5EE62912C5BF85D006CE07A /* EssentailFeed.framework */; };
		B5A780092C75073200D6CD4F /* XCTestCase + MemoryLeakTracking.swift in Sources */ = {isa = PBXBuildFile; fileRef = B5503E9D2C6FBD34004E4F27 /* XCTestCase + MemoryLeakTracking.swift */; };
		B5C431702C922F40005DF26E /* LoadFeedFromCacheUseCaseTests.swift in Sources */ = {isa = PBXBuildFile; fileRef = B5C4316F2C922F40005DF26E /* LoadFeedFromCacheUseCaseTests.swift */; };
		B5C431732C923167005DF26E /* FeedStoreSpy.swift in Sources */ = {isa = PBXBuildFile; fileRef = B5C431722C923167005DF26E /* FeedStoreSpy.swift */; };
		B5CD575C2C8F4C65004CD1C8 /* LocalFeedLoader.swift in Sources */ = {isa = PBXBuildFile; fileRef = B5CD575B2C8F4C65004CD1C8 /* LocalFeedLoader.swift */; };
		B5CD575E2C8F5868004CD1C8 /* FeedStore.swift in Sources */ = {isa = PBXBuildFile; fileRef = B5CD575D2C8F5868004CD1C8 /* FeedStore.swift */; };
		B5DF34B52C9DC58C00C8F285 /* CodableFeedStoreTests.swift in Sources */ = {isa = PBXBuildFile; fileRef = B5DF34B42C9DC58C00C8F285 /* CodableFeedStoreTests.swift */; };
		B5E5657E2C6A4BFE0099AD80 /* URLSessionHttpClientTests.swift in Sources */ = {isa = PBXBuildFile; fileRef = B5E5657D2C6A4BFE0099AD80 /* URLSessionHttpClientTests.swift */; };
		B5E84A9F2C5D61E700B3A742 /* RemoteFeedLoader.swift in Sources */ = {isa = PBXBuildFile; fileRef = B5E84A9E2C5D61E700B3A742 /* RemoteFeedLoader.swift */; };
		B5EC67E62CA21FD200C28965 /* CodableFeedStore.swift in Sources */ = {isa = PBXBuildFile; fileRef = B5EC67E52CA21FD200C28965 /* CodableFeedStore.swift */; };
		B5EE62962C5BF85D006CE07A /* EssentailFeed.docc in Sources */ = {isa = PBXBuildFile; fileRef = B5EE62952C5BF85D006CE07A /* EssentailFeed.docc */; };
		B5EE629C2C5BF85D006CE07A /* EssentailFeed.framework in Frameworks */ = {isa = PBXBuildFile; fileRef = B5EE62912C5BF85D006CE07A /* EssentailFeed.framework */; };
		B5EE62A12C5BF85D006CE07A /* EssentailFeedTests.swift in Sources */ = {isa = PBXBuildFile; fileRef = B5EE62A02C5BF85D006CE07A /* EssentailFeedTests.swift */; };
		B5EE62A22C5BF85D006CE07A /* EssentailFeed.h in Headers */ = {isa = PBXBuildFile; fileRef = B5EE62942C5BF85D006CE07A /* EssentailFeed.h */; settings = {ATTRIBUTES = (Public, ); }; };
		B5EE62AE2C5C0ECC006CE07A /* FeedImage.swift in Sources */ = {isa = PBXBuildFile; fileRef = B5EE62AD2C5C0ECC006CE07A /* FeedImage.swift */; };
		B5EE62B02C5C0FAE006CE07A /* FeedLoader.swift in Sources */ = {isa = PBXBuildFile; fileRef = B5EE62AF2C5C0FAE006CE07A /* FeedLoader.swift */; };
		B5F43E9E2C90D1390019C7DD /* RemoteFeeditem.swift in Sources */ = {isa = PBXBuildFile; fileRef = B5F43E9D2C90D1390019C7DD /* RemoteFeeditem.swift */; };
		B5F43EA02C90D1CA0019C7DD /* LocalFeedImage.swift in Sources */ = {isa = PBXBuildFile; fileRef = B5F43E9F2C90D1CA0019C7DD /* LocalFeedImage.swift */; };
		B5F445AD2C98F138003D49A7 /* VaidateFeedCacheUseCaseTests.swift in Sources */ = {isa = PBXBuildFile; fileRef = B5F445AC2C98F138003D49A7 /* VaidateFeedCacheUseCaseTests.swift */; };
		B5F445B02C98FCDB003D49A7 /* FeedCacheTestHelper.swift in Sources */ = {isa = PBXBuildFile; fileRef = B5F445AF2C98FCDB003D49A7 /* FeedCacheTestHelper.swift */; };
		B5F445B22C98FDF1003D49A7 /* SharedTestHelper.swift in Sources */ = {isa = PBXBuildFile; fileRef = B5F445B12C98FDF1003D49A7 /* SharedTestHelper.swift */; };
		B5F4E8642C6526B900495F1C /* HttpClient.swift in Sources */ = {isa = PBXBuildFile; fileRef = B5F4E8632C6526B900495F1C /* HttpClient.swift */; };
		B5F4E8662C6527B800495F1C /* FeedItemMapper.swift in Sources */ = {isa = PBXBuildFile; fileRef = B5F4E8652C6527B800495F1C /* FeedItemMapper.swift */; };
		B5FEF4EB2C8B505900823D92 /* CacheFeedUseCaseTests.swift in Sources */ = {isa = PBXBuildFile; fileRef = B5FEF4EA2C8B505900823D92 /* CacheFeedUseCaseTests.swift */; };
/* End PBXBuildFile section */

/* Begin PBXContainerItemProxy section */
		B5A780042C74E08C00D6CD4F /* PBXContainerItemProxy */ = {
			isa = PBXContainerItemProxy;
			containerPortal = B5EE62882C5BF85D006CE07A /* Project object */;
			proxyType = 1;
			remoteGlobalIDString = B5EE62902C5BF85D006CE07A;
			remoteInfo = EssentailFeed;
		};
		B5EE629D2C5BF85D006CE07A /* PBXContainerItemProxy */ = {
			isa = PBXContainerItemProxy;
			containerPortal = B5EE62882C5BF85D006CE07A /* Project object */;
			proxyType = 1;
			remoteGlobalIDString = B5EE62902C5BF85D006CE07A;
			remoteInfo = EssentailFeed;
		};
/* End PBXContainerItemProxy section */

/* Begin PBXFileReference section */
		B5503E9D2C6FBD34004E4F27 /* XCTestCase + MemoryLeakTracking.swift */ = {isa = PBXFileReference; lastKnownFileType = sourcecode.swift; path = "XCTestCase + MemoryLeakTracking.swift"; sourceTree = "<group>"; };
		B5503E9F2C70443B004E4F27 /* URLSessionHttpClient.swift */ = {isa = PBXFileReference; lastKnownFileType = sourcecode.swift; path = URLSessionHttpClient.swift; sourceTree = "<group>"; };
		B5521D462C9B5F380024500A /* FeedCachePolicy.swift */ = {isa = PBXFileReference; lastKnownFileType = sourcecode.swift; path = FeedCachePolicy.swift; sourceTree = "<group>"; };
		B567ED482C5D2C95006240C0 /* RemoteFeedLoaderTests.swift */ = {isa = PBXFileReference; lastKnownFileType = sourcecode.swift; path = RemoteFeedLoaderTests.swift; sourceTree = "<group>"; };
		B5A77FFF2C74E08C00D6CD4F /* EssentailFeedAPIEndToEndTests.xctest */ = {isa = PBXFileReference; explicitFileType = wrapper.cfbundle; includeInIndex = 0; path = EssentailFeedAPIEndToEndTests.xctest; sourceTree = BUILT_PRODUCTS_DIR; };
		B5A780012C74E08C00D6CD4F /* EssentailFeedAPIEndToEndTests.swift */ = {isa = PBXFileReference; lastKnownFileType = sourcecode.swift; path = EssentailFeedAPIEndToEndTests.swift; sourceTree = "<group>"; };
		B5A7800C2C751A8C00D6CD4F /* CI.xctestplan */ = {isa = PBXFileReference; lastKnownFileType = text; path = CI.xctestplan; sourceTree = "<group>"; };
		B5C4316F2C922F40005DF26E /* LoadFeedFromCacheUseCaseTests.swift */ = {isa = PBXFileReference; lastKnownFileType = sourcecode.swift; path = LoadFeedFromCacheUseCaseTests.swift; sourceTree = "<group>"; };
		B5C431722C923167005DF26E /* FeedStoreSpy.swift */ = {isa = PBXFileReference; lastKnownFileType = sourcecode.swift; path = FeedStoreSpy.swift; sourceTree = "<group>"; };
		B5CD575B2C8F4C65004CD1C8 /* LocalFeedLoader.swift */ = {isa = PBXFileReference; lastKnownFileType = sourcecode.swift; path = LocalFeedLoader.swift; sourceTree = "<group>"; };
		B5CD575D2C8F5868004CD1C8 /* FeedStore.swift */ = {isa = PBXFileReference; lastKnownFileType = sourcecode.swift; path = FeedStore.swift; sourceTree = "<group>"; };
		B5DF34B42C9DC58C00C8F285 /* CodableFeedStoreTests.swift */ = {isa = PBXFileReference; lastKnownFileType = sourcecode.swift; path = CodableFeedStoreTests.swift; sourceTree = "<group>"; };
		B5E5657D2C6A4BFE0099AD80 /* URLSessionHttpClientTests.swift */ = {isa = PBXFileReference; lastKnownFileType = sourcecode.swift; path = URLSessionHttpClientTests.swift; sourceTree = "<group>"; };
		B5E84A9E2C5D61E700B3A742 /* RemoteFeedLoader.swift */ = {isa = PBXFileReference; lastKnownFileType = sourcecode.swift; path = RemoteFeedLoader.swift; sourceTree = "<group>"; };
		B5E85D9E2C7637B1007225C6 /* EssentailFeed.xctestplan */ = {isa = PBXFileReference; lastKnownFileType = text; path = EssentailFeed.xctestplan; sourceTree = "<group>"; };
		B5EC67E52CA21FD200C28965 /* CodableFeedStore.swift */ = {isa = PBXFileReference; lastKnownFileType = sourcecode.swift; path = CodableFeedStore.swift; sourceTree = "<group>"; };
		B5EE62912C5BF85D006CE07A /* EssentailFeed.framework */ = {isa = PBXFileReference; explicitFileType = wrapper.framework; includeInIndex = 0; path = EssentailFeed.framework; sourceTree = BUILT_PRODUCTS_DIR; };
		B5EE62942C5BF85D006CE07A /* EssentailFeed.h */ = {isa = PBXFileReference; lastKnownFileType = sourcecode.c.h; path = EssentailFeed.h; sourceTree = "<group>"; };
		B5EE62952C5BF85D006CE07A /* EssentailFeed.docc */ = {isa = PBXFileReference; lastKnownFileType = folder.documentationcatalog; path = EssentailFeed.docc; sourceTree = "<group>"; };
		B5EE629B2C5BF85D006CE07A /* EssentailFeedTests.xctest */ = {isa = PBXFileReference; explicitFileType = wrapper.cfbundle; includeInIndex = 0; path = EssentailFeedTests.xctest; sourceTree = BUILT_PRODUCTS_DIR; };
		B5EE62A02C5BF85D006CE07A /* EssentailFeedTests.swift */ = {isa = PBXFileReference; lastKnownFileType = sourcecode.swift; path = EssentailFeedTests.swift; sourceTree = "<group>"; };
		B5EE62AD2C5C0ECC006CE07A /* FeedImage.swift */ = {isa = PBXFileReference; lastKnownFileType = sourcecode.swift; path = FeedImage.swift; sourceTree = "<group>"; };
		B5EE62AF2C5C0FAE006CE07A /* FeedLoader.swift */ = {isa = PBXFileReference; lastKnownFileType = sourcecode.swift; path = FeedLoader.swift; sourceTree = "<group>"; };
		B5F43E9D2C90D1390019C7DD /* RemoteFeeditem.swift */ = {isa = PBXFileReference; lastKnownFileType = sourcecode.swift; path = RemoteFeeditem.swift; sourceTree = "<group>"; };
		B5F43E9F2C90D1CA0019C7DD /* LocalFeedImage.swift */ = {isa = PBXFileReference; lastKnownFileType = sourcecode.swift; path = LocalFeedImage.swift; sourceTree = "<group>"; };
		B5F445AC2C98F138003D49A7 /* VaidateFeedCacheUseCaseTests.swift */ = {isa = PBXFileReference; lastKnownFileType = sourcecode.swift; path = VaidateFeedCacheUseCaseTests.swift; sourceTree = "<group>"; };
		B5F445AF2C98FCDB003D49A7 /* FeedCacheTestHelper.swift */ = {isa = PBXFileReference; lastKnownFileType = sourcecode.swift; path = FeedCacheTestHelper.swift; sourceTree = "<group>"; };
		B5F445B12C98FDF1003D49A7 /* SharedTestHelper.swift */ = {isa = PBXFileReference; lastKnownFileType = sourcecode.swift; path = SharedTestHelper.swift; sourceTree = "<group>"; };
		B5F4E8632C6526B900495F1C /* HttpClient.swift */ = {isa = PBXFileReference; lastKnownFileType = sourcecode.swift; path = HttpClient.swift; sourceTree = "<group>"; };
		B5F4E8652C6527B800495F1C /* FeedItemMapper.swift */ = {isa = PBXFileReference; lastKnownFileType = sourcecode.swift; path = FeedItemMapper.swift; sourceTree = "<group>"; };
		B5FEF4EA2C8B505900823D92 /* CacheFeedUseCaseTests.swift */ = {isa = PBXFileReference; lastKnownFileType = sourcecode.swift; path = CacheFeedUseCaseTests.swift; sourceTree = "<group>"; };
/* End PBXFileReference section */

/* Begin PBXFrameworksBuildPhase section */
		B5A77FFC2C74E08C00D6CD4F /* Frameworks */ = {
			isa = PBXFrameworksBuildPhase;
			buildActionMask = 2147483647;
			files = (
				B5A780032C74E08C00D6CD4F /* EssentailFeed.framework in Frameworks */,
			);
			runOnlyForDeploymentPostprocessing = 0;
		};
		B5EE628E2C5BF85D006CE07A /* Frameworks */ = {
			isa = PBXFrameworksBuildPhase;
			buildActionMask = 2147483647;
			files = (
			);
			runOnlyForDeploymentPostprocessing = 0;
		};
		B5EE62982C5BF85D006CE07A /* Frameworks */ = {
			isa = PBXFrameworksBuildPhase;
			buildActionMask = 2147483647;
			files = (
				B5EE629C2C5BF85D006CE07A /* EssentailFeed.framework in Frameworks */,
			);
			runOnlyForDeploymentPostprocessing = 0;
		};
/* End PBXFrameworksBuildPhase section */

/* Begin PBXGroup section */
		B5503E9C2C6FBCCF004E4F27 /* Helper */ = {
			isa = PBXGroup;
			children = (
				B5503E9D2C6FBD34004E4F27 /* XCTestCase + MemoryLeakTracking.swift */,
			);
			path = Helper;
			sourceTree = "<group>";
		};
		B5A780002C74E08C00D6CD4F /* EssentailFeedAPIEndToEndTests */ = {
			isa = PBXGroup;
			children = (
				B5A780012C74E08C00D6CD4F /* EssentailFeedAPIEndToEndTests.swift */,
			);
			path = EssentailFeedAPIEndToEndTests;
			sourceTree = "<group>";
		};
		B5C431712C923146005DF26E /* Helpers */ = {
			isa = PBXGroup;
			children = (
				B5C431722C923167005DF26E /* FeedStoreSpy.swift */,
				B5F445AF2C98FCDB003D49A7 /* FeedCacheTestHelper.swift */,
				B5F445B12C98FDF1003D49A7 /* SharedTestHelper.swift */,
			);
			path = Helpers;
			sourceTree = "<group>";
		};
		B5CD575A2C8F4C3B004CD1C8 /* Feed Cache */ = {
			isa = PBXGroup;
			children = (
				B5CD575B2C8F4C65004CD1C8 /* LocalFeedLoader.swift */,
				B5CD575D2C8F5868004CD1C8 /* FeedStore.swift */,
				B5F43E9F2C90D1CA0019C7DD /* LocalFeedImage.swift */,
				B5EC67E52CA21FD200C28965 /* CodableFeedStore.swift */,
				B5521D462C9B5F380024500A /* FeedCachePolicy.swift */,
			);
			path = "Feed Cache";
			sourceTree = "<group>";
		};
		B5E84A9D2C5D61C800B3A742 /* Feed Api */ = {
			isa = PBXGroup;
			children = (
				B5E84A9E2C5D61E700B3A742 /* RemoteFeedLoader.swift */,
				B5F4E8632C6526B900495F1C /* HttpClient.swift */,
				B5F4E8652C6527B800495F1C /* FeedItemMapper.swift */,
				B5503E9F2C70443B004E4F27 /* URLSessionHttpClient.swift */,
				B5F43E9D2C90D1390019C7DD /* RemoteFeeditem.swift */,
			);
			path = "Feed Api";
			sourceTree = "<group>";
		};
		B5EE62872C5BF85D006CE07A = {
			isa = PBXGroup;
			children = (
				B5E85D9E2C7637B1007225C6 /* EssentailFeed.xctestplan */,
				B5A7800C2C751A8C00D6CD4F /* CI.xctestplan */,
				B5EE62932C5BF85D006CE07A /* EssentailFeed */,
				B5EE629F2C5BF85D006CE07A /* EssentailFeedTests */,
				B5A780002C74E08C00D6CD4F /* EssentailFeedAPIEndToEndTests */,
				B5EE62922C5BF85D006CE07A /* Products */,
			);
			sourceTree = "<group>";
		};
		B5EE62922C5BF85D006CE07A /* Products */ = {
			isa = PBXGroup;
			children = (
				B5EE62912C5BF85D006CE07A /* EssentailFeed.framework */,
				B5EE629B2C5BF85D006CE07A /* EssentailFeedTests.xctest */,
				B5A77FFF2C74E08C00D6CD4F /* EssentailFeedAPIEndToEndTests.xctest */,
			);
			name = Products;
			sourceTree = "<group>";
		};
		B5EE62932C5BF85D006CE07A /* EssentailFeed */ = {
			isa = PBXGroup;
			children = (
				B5CD575A2C8F4C3B004CD1C8 /* Feed Cache */,
				B5E84A9D2C5D61C800B3A742 /* Feed Api */,
				B5EE62942C5BF85D006CE07A /* EssentailFeed.h */,
				B5EE62952C5BF85D006CE07A /* EssentailFeed.docc */,
				B5EE62B12C5C1162006CE07A /* FeedFeature */,
			);
			path = EssentailFeed;
			sourceTree = "<group>";
		};
		B5EE629F2C5BF85D006CE07A /* EssentailFeedTests */ = {
			isa = PBXGroup;
			children = (
				B5FEF4E92C8B501D00823D92 /* Feed Cache */,
				B5503E9C2C6FBCCF004E4F27 /* Helper */,
				B5F4E8672C6564D000495F1C /* FeedApi */,
				B5EE62A02C5BF85D006CE07A /* EssentailFeedTests.swift */,
			);
			path = EssentailFeedTests;
			sourceTree = "<group>";
		};
		B5EE62B12C5C1162006CE07A /* FeedFeature */ = {
			isa = PBXGroup;
			children = (
				B5EE62AD2C5C0ECC006CE07A /* FeedImage.swift */,
				B5EE62AF2C5C0FAE006CE07A /* FeedLoader.swift */,
			);
			path = FeedFeature;
			sourceTree = "<group>";
		};
		B5F4E8672C6564D000495F1C /* FeedApi */ = {
			isa = PBXGroup;
			children = (
				B567ED482C5D2C95006240C0 /* RemoteFeedLoaderTests.swift */,
				B5E5657D2C6A4BFE0099AD80 /* URLSessionHttpClientTests.swift */,
			);
			path = FeedApi;
			sourceTree = "<group>";
		};
		B5FEF4E92C8B501D00823D92 /* Feed Cache */ = {
			isa = PBXGroup;
			children = (
				B5C431712C923146005DF26E /* Helpers */,
				B5FEF4EA2C8B505900823D92 /* CacheFeedUseCaseTests.swift */,
				B5C4316F2C922F40005DF26E /* LoadFeedFromCacheUseCaseTests.swift */,
				B5F445AC2C98F138003D49A7 /* VaidateFeedCacheUseCaseTests.swift */,
				B5DF34B42C9DC58C00C8F285 /* CodableFeedStoreTests.swift */,
			);
			path = "Feed Cache";
			sourceTree = "<group>";
		};
/* End PBXGroup section */

/* Begin PBXHeadersBuildPhase section */
		B5EE628C2C5BF85D006CE07A /* Headers */ = {
			isa = PBXHeadersBuildPhase;
			buildActionMask = 2147483647;
			files = (
				B5EE62A22C5BF85D006CE07A /* EssentailFeed.h in Headers */,
			);
			runOnlyForDeploymentPostprocessing = 0;
		};
/* End PBXHeadersBuildPhase section */

/* Begin PBXNativeTarget section */
		B5A77FFE2C74E08C00D6CD4F /* EssentailFeedAPIEndToEndTests */ = {
			isa = PBXNativeTarget;
			buildConfigurationList = B5A780082C74E08C00D6CD4F /* Build configuration list for PBXNativeTarget "EssentailFeedAPIEndToEndTests" */;
			buildPhases = (
				B5A77FFB2C74E08C00D6CD4F /* Sources */,
				B5A77FFC2C74E08C00D6CD4F /* Frameworks */,
				B5A77FFD2C74E08C00D6CD4F /* Resources */,
			);
			buildRules = (
			);
			dependencies = (
				B5A780052C74E08C00D6CD4F /* PBXTargetDependency */,
			);
			name = EssentailFeedAPIEndToEndTests;
			productName = EssentailFeedAPIEndToEndTests;
			productReference = B5A77FFF2C74E08C00D6CD4F /* EssentailFeedAPIEndToEndTests.xctest */;
			productType = "com.apple.product-type.bundle.unit-test";
		};
		B5EE62902C5BF85D006CE07A /* EssentailFeed */ = {
			isa = PBXNativeTarget;
			buildConfigurationList = B5EE62A52C5BF85D006CE07A /* Build configuration list for PBXNativeTarget "EssentailFeed" */;
			buildPhases = (
				B5EE628C2C5BF85D006CE07A /* Headers */,
				B5EE628D2C5BF85D006CE07A /* Sources */,
				B5EE628E2C5BF85D006CE07A /* Frameworks */,
				B5EE628F2C5BF85D006CE07A /* Resources */,
			);
			buildRules = (
			);
			dependencies = (
			);
			name = EssentailFeed;
			productName = EssentailFeed;
			productReference = B5EE62912C5BF85D006CE07A /* EssentailFeed.framework */;
			productType = "com.apple.product-type.framework";
		};
		B5EE629A2C5BF85D006CE07A /* EssentailFeedTests */ = {
			isa = PBXNativeTarget;
			buildConfigurationList = B5EE62A82C5BF85D006CE07A /* Build configuration list for PBXNativeTarget "EssentailFeedTests" */;
			buildPhases = (
				B5EE62972C5BF85D006CE07A /* Sources */,
				B5EE62982C5BF85D006CE07A /* Frameworks */,
				B5EE62992C5BF85D006CE07A /* Resources */,
			);
			buildRules = (
			);
			dependencies = (
				B5EE629E2C5BF85D006CE07A /* PBXTargetDependency */,
			);
			name = EssentailFeedTests;
			productName = EssentailFeedTests;
			productReference = B5EE629B2C5BF85D006CE07A /* EssentailFeedTests.xctest */;
			productType = "com.apple.product-type.bundle.unit-test";
		};
/* End PBXNativeTarget section */

/* Begin PBXProject section */
		B5EE62882C5BF85D006CE07A /* Project object */ = {
			isa = PBXProject;
			attributes = {
				BuildIndependentTargetsInParallel = 1;
				LastSwiftUpdateCheck = 1540;
				LastUpgradeCheck = 1540;
				TargetAttributes = {
					B5A77FFE2C74E08C00D6CD4F = {
						CreatedOnToolsVersion = 15.4;
					};
					B5EE62902C5BF85D006CE07A = {
						CreatedOnToolsVersion = 15.4;
					};
					B5EE629A2C5BF85D006CE07A = {
						CreatedOnToolsVersion = 15.4;
					};
				};
			};
			buildConfigurationList = B5EE628B2C5BF85D006CE07A /* Build configuration list for PBXProject "EssentailFeed" */;
			compatibilityVersion = "Xcode 14.0";
			developmentRegion = en;
			hasScannedForEncodings = 0;
			knownRegions = (
				en,
				Base,
			);
			mainGroup = B5EE62872C5BF85D006CE07A;
			productRefGroup = B5EE62922C5BF85D006CE07A /* Products */;
			projectDirPath = "";
			projectRoot = "";
			targets = (
				B5EE62902C5BF85D006CE07A /* EssentailFeed */,
				B5EE629A2C5BF85D006CE07A /* EssentailFeedTests */,
				B5A77FFE2C74E08C00D6CD4F /* EssentailFeedAPIEndToEndTests */,
			);
		};
/* End PBXProject section */

/* Begin PBXResourcesBuildPhase section */
		B5A77FFD2C74E08C00D6CD4F /* Resources */ = {
			isa = PBXResourcesBuildPhase;
			buildActionMask = 2147483647;
			files = (
			);
			runOnlyForDeploymentPostprocessing = 0;
		};
		B5EE628F2C5BF85D006CE07A /* Resources */ = {
			isa = PBXResourcesBuildPhase;
			buildActionMask = 2147483647;
			files = (
			);
			runOnlyForDeploymentPostprocessing = 0;
		};
		B5EE62992C5BF85D006CE07A /* Resources */ = {
			isa = PBXResourcesBuildPhase;
			buildActionMask = 2147483647;
			files = (
			);
			runOnlyForDeploymentPostprocessing = 0;
		};
/* End PBXResourcesBuildPhase section */

/* Begin PBXSourcesBuildPhase section */
		B5A77FFB2C74E08C00D6CD4F /* Sources */ = {
			isa = PBXSourcesBuildPhase;
			buildActionMask = 2147483647;
			files = (
				B5A780022C74E08C00D6CD4F /* EssentailFeedAPIEndToEndTests.swift in Sources */,
				B5A780092C75073200D6CD4F /* XCTestCase + MemoryLeakTracking.swift in Sources */,
			);
			runOnlyForDeploymentPostprocessing = 0;
		};
		B5EE628D2C5BF85D006CE07A /* Sources */ = {
			isa = PBXSourcesBuildPhase;
			buildActionMask = 2147483647;
			files = (
				B5F43EA02C90D1CA0019C7DD /* LocalFeedImage.swift in Sources */,
				B5CD575E2C8F5868004CD1C8 /* FeedStore.swift in Sources */,
				B5F4E8642C6526B900495F1C /* HttpClient.swift in Sources */,
				B5E84A9F2C5D61E700B3A742 /* RemoteFeedLoader.swift in Sources */,
				B5EE62B02C5C0FAE006CE07A /* FeedLoader.swift in Sources */,
				B5503EA02C70443B004E4F27 /* URLSessionHttpClient.swift in Sources */,
				B5F4E8662C6527B800495F1C /* FeedItemMapper.swift in Sources */,
				B5F43E9E2C90D1390019C7DD /* RemoteFeeditem.swift in Sources */,
				B5EC67E62CA21FD200C28965 /* CodableFeedStore.swift in Sources */,
				B5521D472C9B5F380024500A /* FeedCachePolicy.swift in Sources */,
				B5EE62AE2C5C0ECC006CE07A /* FeedImage.swift in Sources */,
				B5CD575C2C8F4C65004CD1C8 /* LocalFeedLoader.swift in Sources */,
				B5EE62962C5BF85D006CE07A /* EssentailFeed.docc in Sources */,
			);
			runOnlyForDeploymentPostprocessing = 0;
		};
		B5EE62972C5BF85D006CE07A /* Sources */ = {
			isa = PBXSourcesBuildPhase;
			buildActionMask = 2147483647;
			files = (
				B5DF34B52C9DC58C00C8F285 /* CodableFeedStoreTests.swift in Sources */,
				B5E5657E2C6A4BFE0099AD80 /* URLSessionHttpClientTests.swift in Sources */,
				B567ED492C5D2C95006240C0 /* RemoteFeedLoaderTests.swift in Sources */,
				B5F445B22C98FDF1003D49A7 /* SharedTestHelper.swift in Sources */,
				B5EE62A12C5BF85D006CE07A /* EssentailFeedTests.swift in Sources */,
				B5F445AD2C98F138003D49A7 /* VaidateFeedCacheUseCaseTests.swift in Sources */,
				B5FEF4EB2C8B505900823D92 /* CacheFeedUseCaseTests.swift in Sources */,
				B5C431732C923167005DF26E /* FeedStoreSpy.swift in Sources */,
				B5F445B02C98FCDB003D49A7 /* FeedCacheTestHelper.swift in Sources */,
				B5C431702C922F40005DF26E /* LoadFeedFromCacheUseCaseTests.swift in Sources */,
				B5503E9E2C6FBD34004E4F27 /* XCTestCase + MemoryLeakTracking.swift in Sources */,
			);
			runOnlyForDeploymentPostprocessing = 0;
		};
/* End PBXSourcesBuildPhase section */

/* Begin PBXTargetDependency section */
		B5A780052C74E08C00D6CD4F /* PBXTargetDependency */ = {
			isa = PBXTargetDependency;
			target = B5EE62902C5BF85D006CE07A /* EssentailFeed */;
			targetProxy = B5A780042C74E08C00D6CD4F /* PBXContainerItemProxy */;
		};
		B5EE629E2C5BF85D006CE07A /* PBXTargetDependency */ = {
			isa = PBXTargetDependency;
			target = B5EE62902C5BF85D006CE07A /* EssentailFeed */;
			targetProxy = B5EE629D2C5BF85D006CE07A /* PBXContainerItemProxy */;
		};
/* End PBXTargetDependency section */

/* Begin XCBuildConfiguration section */
		B5A780062C74E08C00D6CD4F /* Debug */ = {
			isa = XCBuildConfiguration;
			buildSettings = {
				CODE_SIGN_STYLE = Automatic;
				CURRENT_PROJECT_VERSION = 1;
				DEVELOPMENT_TEAM = V2495YK4SH;
				GENERATE_INFOPLIST_FILE = YES;
				MARKETING_VERSION = 1.0;
				PRODUCT_BUNDLE_IDENTIFIER = com.Stark.EssentailFeedAPIEndToEndTests;
				PRODUCT_NAME = "$(TARGET_NAME)";
				SWIFT_EMIT_LOC_STRINGS = NO;
				SWIFT_VERSION = 5.0;
			};
			name = Debug;
		};
		B5A780072C74E08C00D6CD4F /* Release */ = {
			isa = XCBuildConfiguration;
			buildSettings = {
				CODE_SIGN_STYLE = Automatic;
				CURRENT_PROJECT_VERSION = 1;
				DEVELOPMENT_TEAM = V2495YK4SH;
				GENERATE_INFOPLIST_FILE = YES;
				MARKETING_VERSION = 1.0;
				PRODUCT_BUNDLE_IDENTIFIER = com.Stark.EssentailFeedAPIEndToEndTests;
				PRODUCT_NAME = "$(TARGET_NAME)";
				SWIFT_EMIT_LOC_STRINGS = NO;
				SWIFT_VERSION = 5.0;
			};
			name = Release;
		};
		B5EE62A32C5BF85D006CE07A /* Debug */ = {
			isa = XCBuildConfiguration;
			buildSettings = {
				ALWAYS_SEARCH_USER_PATHS = NO;
				ASSETCATALOG_COMPILER_GENERATE_SWIFT_ASSET_SYMBOL_EXTENSIONS = YES;
				CLANG_ANALYZER_NONNULL = YES;
				CLANG_ANALYZER_NUMBER_OBJECT_CONVERSION = YES_AGGRESSIVE;
				CLANG_CXX_LANGUAGE_STANDARD = "gnu++20";
				CLANG_ENABLE_MODULES = YES;
				CLANG_ENABLE_OBJC_ARC = YES;
				CLANG_ENABLE_OBJC_WEAK = YES;
				CLANG_WARN_BLOCK_CAPTURE_AUTORELEASING = YES;
				CLANG_WARN_BOOL_CONVERSION = YES;
				CLANG_WARN_COMMA = YES;
				CLANG_WARN_CONSTANT_CONVERSION = YES;
				CLANG_WARN_DEPRECATED_OBJC_IMPLEMENTATIONS = YES;
				CLANG_WARN_DIRECT_OBJC_ISA_USAGE = YES_ERROR;
				CLANG_WARN_DOCUMENTATION_COMMENTS = YES;
				CLANG_WARN_EMPTY_BODY = YES;
				CLANG_WARN_ENUM_CONVERSION = YES;
				CLANG_WARN_INFINITE_RECURSION = YES;
				CLANG_WARN_INT_CONVERSION = YES;
				CLANG_WARN_NON_LITERAL_NULL_CONVERSION = YES;
				CLANG_WARN_OBJC_IMPLICIT_RETAIN_SELF = YES;
				CLANG_WARN_OBJC_LITERAL_CONVERSION = YES;
				CLANG_WARN_OBJC_ROOT_CLASS = YES_ERROR;
				CLANG_WARN_QUOTED_INCLUDE_IN_FRAMEWORK_HEADER = YES;
				CLANG_WARN_RANGE_LOOP_ANALYSIS = YES;
				CLANG_WARN_STRICT_PROTOTYPES = YES;
				CLANG_WARN_SUSPICIOUS_MOVE = YES;
				CLANG_WARN_UNGUARDED_AVAILABILITY = YES_AGGRESSIVE;
				CLANG_WARN_UNREACHABLE_CODE = YES;
				CLANG_WARN__DUPLICATE_METHOD_MATCH = YES;
				COPY_PHASE_STRIP = NO;
				CURRENT_PROJECT_VERSION = 1;
				DEBUG_INFORMATION_FORMAT = dwarf;
				ENABLE_STRICT_OBJC_MSGSEND = YES;
				ENABLE_TESTABILITY = YES;
				ENABLE_USER_SCRIPT_SANDBOXING = YES;
				GCC_C_LANGUAGE_STANDARD = gnu17;
				GCC_DYNAMIC_NO_PIC = NO;
				GCC_NO_COMMON_BLOCKS = YES;
				GCC_OPTIMIZATION_LEVEL = 0;
				GCC_PREPROCESSOR_DEFINITIONS = (
					"DEBUG=1",
					"$(inherited)",
				);
				GCC_WARN_64_TO_32_BIT_CONVERSION = YES;
				GCC_WARN_ABOUT_RETURN_TYPE = YES_ERROR;
				GCC_WARN_UNDECLARED_SELECTOR = YES;
				GCC_WARN_UNINITIALIZED_AUTOS = YES_AGGRESSIVE;
				GCC_WARN_UNUSED_FUNCTION = YES;
				GCC_WARN_UNUSED_VARIABLE = YES;
				LOCALIZATION_PREFERS_STRING_CATALOGS = YES;
				MACOSX_DEPLOYMENT_TARGET = 14.5;
				MTL_ENABLE_DEBUG_INFO = INCLUDE_SOURCE;
				MTL_FAST_MATH = YES;
				ONLY_ACTIVE_ARCH = YES;
				SDKROOT = macosx;
				SWIFT_ACTIVE_COMPILATION_CONDITIONS = "DEBUG $(inherited)";
				SWIFT_OPTIMIZATION_LEVEL = "-Onone";
				VERSIONING_SYSTEM = "apple-generic";
				VERSION_INFO_PREFIX = "";
			};
			name = Debug;
		};
		B5EE62A42C5BF85D006CE07A /* Release */ = {
			isa = XCBuildConfiguration;
			buildSettings = {
				ALWAYS_SEARCH_USER_PATHS = NO;
				ASSETCATALOG_COMPILER_GENERATE_SWIFT_ASSET_SYMBOL_EXTENSIONS = YES;
				CLANG_ANALYZER_NONNULL = YES;
				CLANG_ANALYZER_NUMBER_OBJECT_CONVERSION = YES_AGGRESSIVE;
				CLANG_CXX_LANGUAGE_STANDARD = "gnu++20";
				CLANG_ENABLE_MODULES = YES;
				CLANG_ENABLE_OBJC_ARC = YES;
				CLANG_ENABLE_OBJC_WEAK = YES;
				CLANG_WARN_BLOCK_CAPTURE_AUTORELEASING = YES;
				CLANG_WARN_BOOL_CONVERSION = YES;
				CLANG_WARN_COMMA = YES;
				CLANG_WARN_CONSTANT_CONVERSION = YES;
				CLANG_WARN_DEPRECATED_OBJC_IMPLEMENTATIONS = YES;
				CLANG_WARN_DIRECT_OBJC_ISA_USAGE = YES_ERROR;
				CLANG_WARN_DOCUMENTATION_COMMENTS = YES;
				CLANG_WARN_EMPTY_BODY = YES;
				CLANG_WARN_ENUM_CONVERSION = YES;
				CLANG_WARN_INFINITE_RECURSION = YES;
				CLANG_WARN_INT_CONVERSION = YES;
				CLANG_WARN_NON_LITERAL_NULL_CONVERSION = YES;
				CLANG_WARN_OBJC_IMPLICIT_RETAIN_SELF = YES;
				CLANG_WARN_OBJC_LITERAL_CONVERSION = YES;
				CLANG_WARN_OBJC_ROOT_CLASS = YES_ERROR;
				CLANG_WARN_QUOTED_INCLUDE_IN_FRAMEWORK_HEADER = YES;
				CLANG_WARN_RANGE_LOOP_ANALYSIS = YES;
				CLANG_WARN_STRICT_PROTOTYPES = YES;
				CLANG_WARN_SUSPICIOUS_MOVE = YES;
				CLANG_WARN_UNGUARDED_AVAILABILITY = YES_AGGRESSIVE;
				CLANG_WARN_UNREACHABLE_CODE = YES;
				CLANG_WARN__DUPLICATE_METHOD_MATCH = YES;
				COPY_PHASE_STRIP = NO;
				CURRENT_PROJECT_VERSION = 1;
				DEBUG_INFORMATION_FORMAT = "dwarf-with-dsym";
				ENABLE_NS_ASSERTIONS = NO;
				ENABLE_STRICT_OBJC_MSGSEND = YES;
				ENABLE_USER_SCRIPT_SANDBOXING = YES;
				GCC_C_LANGUAGE_STANDARD = gnu17;
				GCC_NO_COMMON_BLOCKS = YES;
				GCC_WARN_64_TO_32_BIT_CONVERSION = YES;
				GCC_WARN_ABOUT_RETURN_TYPE = YES_ERROR;
				GCC_WARN_UNDECLARED_SELECTOR = YES;
				GCC_WARN_UNINITIALIZED_AUTOS = YES_AGGRESSIVE;
				GCC_WARN_UNUSED_FUNCTION = YES;
				GCC_WARN_UNUSED_VARIABLE = YES;
				LOCALIZATION_PREFERS_STRING_CATALOGS = YES;
				MACOSX_DEPLOYMENT_TARGET = 14.5;
				MTL_ENABLE_DEBUG_INFO = NO;
				MTL_FAST_MATH = YES;
				SDKROOT = macosx;
				SWIFT_COMPILATION_MODE = wholemodule;
				VERSIONING_SYSTEM = "apple-generic";
				VERSION_INFO_PREFIX = "";
			};
			name = Release;
		};
		B5EE62A62C5BF85D006CE07A /* Debug */ = {
			isa = XCBuildConfiguration;
			buildSettings = {
				BUILD_LIBRARY_FOR_DISTRIBUTION = YES;
				CODE_SIGN_STYLE = Automatic;
				COMBINE_HIDPI_IMAGES = YES;
				CURRENT_PROJECT_VERSION = 1;
				DEFINES_MODULE = YES;
				DEVELOPMENT_TEAM = V2495YK4SH;
				DYLIB_COMPATIBILITY_VERSION = 1;
				DYLIB_CURRENT_VERSION = 1;
				DYLIB_INSTALL_NAME_BASE = "@rpath";
				ENABLE_MODULE_VERIFIER = YES;
				GENERATE_INFOPLIST_FILE = YES;
				INFOPLIST_KEY_NSHumanReadableCopyright = "";
				INSTALL_PATH = "$(LOCAL_LIBRARY_DIR)/Frameworks";
				LD_RUNPATH_SEARCH_PATHS = (
					"$(inherited)",
					"@executable_path/../Frameworks",
					"@loader_path/Frameworks",
				);
				MACOSX_DEPLOYMENT_TARGET = 14.5;
				MARKETING_VERSION = 1.0;
				MODULE_VERIFIER_SUPPORTED_LANGUAGES = "objective-c objective-c++";
				MODULE_VERIFIER_SUPPORTED_LANGUAGE_STANDARDS = "gnu17 gnu++20";
				PRODUCT_BUNDLE_IDENTIFIER = com.Stark.EssentailFeed;
				PRODUCT_NAME = "$(TARGET_NAME:c99extidentifier)";
				SKIP_INSTALL = YES;
				SWIFT_EMIT_LOC_STRINGS = YES;
				SWIFT_INSTALL_OBJC_HEADER = NO;
				SWIFT_VERSION = 5.0;
			};
			name = Debug;
		};
		B5EE62A72C5BF85D006CE07A /* Release */ = {
			isa = XCBuildConfiguration;
			buildSettings = {
				BUILD_LIBRARY_FOR_DISTRIBUTION = YES;
				CODE_SIGN_STYLE = Automatic;
				COMBINE_HIDPI_IMAGES = YES;
				CURRENT_PROJECT_VERSION = 1;
				DEFINES_MODULE = YES;
				DEVELOPMENT_TEAM = V2495YK4SH;
				DYLIB_COMPATIBILITY_VERSION = 1;
				DYLIB_CURRENT_VERSION = 1;
				DYLIB_INSTALL_NAME_BASE = "@rpath";
				ENABLE_MODULE_VERIFIER = YES;
				GENERATE_INFOPLIST_FILE = YES;
				INFOPLIST_KEY_NSHumanReadableCopyright = "";
				INSTALL_PATH = "$(LOCAL_LIBRARY_DIR)/Frameworks";
				LD_RUNPATH_SEARCH_PATHS = (
					"$(inherited)",
					"@executable_path/../Frameworks",
					"@loader_path/Frameworks",
				);
				MACOSX_DEPLOYMENT_TARGET = 14.5;
				MARKETING_VERSION = 1.0;
				MODULE_VERIFIER_SUPPORTED_LANGUAGES = "objective-c objective-c++";
				MODULE_VERIFIER_SUPPORTED_LANGUAGE_STANDARDS = "gnu17 gnu++20";
				PRODUCT_BUNDLE_IDENTIFIER = com.Stark.EssentailFeed;
				PRODUCT_NAME = "$(TARGET_NAME:c99extidentifier)";
				SKIP_INSTALL = YES;
				SWIFT_EMIT_LOC_STRINGS = YES;
				SWIFT_INSTALL_OBJC_HEADER = NO;
				SWIFT_VERSION = 5.0;
			};
			name = Release;
		};
		B5EE62A92C5BF85D006CE07A /* Debug */ = {
			isa = XCBuildConfiguration;
			buildSettings = {
				ALWAYS_EMBED_SWIFT_STANDARD_LIBRARIES = YES;
				CODE_SIGN_STYLE = Automatic;
				CURRENT_PROJECT_VERSION = 1;
				DEVELOPMENT_TEAM = V2495YK4SH;
				GENERATE_INFOPLIST_FILE = YES;
				MARKETING_VERSION = 1.0;
				PRODUCT_BUNDLE_IDENTIFIER = com.Stark.EssentailFeedTests;
				PRODUCT_NAME = "$(TARGET_NAME)";
				SWIFT_EMIT_LOC_STRINGS = NO;
				SWIFT_VERSION = 5.0;
			};
			name = Debug;
		};
		B5EE62AA2C5BF85D006CE07A /* Release */ = {
			isa = XCBuildConfiguration;
			buildSettings = {
				ALWAYS_EMBED_SWIFT_STANDARD_LIBRARIES = YES;
				CODE_SIGN_STYLE = Automatic;
				CURRENT_PROJECT_VERSION = 1;
				DEVELOPMENT_TEAM = V2495YK4SH;
				GENERATE_INFOPLIST_FILE = YES;
				MARKETING_VERSION = 1.0;
				PRODUCT_BUNDLE_IDENTIFIER = com.Stark.EssentailFeedTests;
				PRODUCT_NAME = "$(TARGET_NAME)";
				SWIFT_EMIT_LOC_STRINGS = NO;
				SWIFT_VERSION = 5.0;
			};
			name = Release;
		};
/* End XCBuildConfiguration section */

/* Begin XCConfigurationList section */
		B5A780082C74E08C00D6CD4F /* Build configuration list for PBXNativeTarget "EssentailFeedAPIEndToEndTests" */ = {
			isa = XCConfigurationList;
			buildConfigurations = (
				B5A780062C74E08C00D6CD4F /* Debug */,
				B5A780072C74E08C00D6CD4F /* Release */,
			);
			defaultConfigurationIsVisible = 0;
			defaultConfigurationName = Release;
		};
		B5EE628B2C5BF85D006CE07A /* Build configuration list for PBXProject "EssentailFeed" */ = {
			isa = XCConfigurationList;
			buildConfigurations = (
				B5EE62A32C5BF85D006CE07A /* Debug */,
				B5EE62A42C5BF85D006CE07A /* Release */,
			);
			defaultConfigurationIsVisible = 0;
			defaultConfigurationName = Release;
		};
		B5EE62A52C5BF85D006CE07A /* Build configuration list for PBXNativeTarget "EssentailFeed" */ = {
			isa = XCConfigurationList;
			buildConfigurations = (
				B5EE62A62C5BF85D006CE07A /* Debug */,
				B5EE62A72C5BF85D006CE07A /* Release */,
			);
			defaultConfigurationIsVisible = 0;
			defaultConfigurationName = Release;
		};
		B5EE62A82C5BF85D006CE07A /* Build configuration list for PBXNativeTarget "EssentailFeedTests" */ = {
			isa = XCConfigurationList;
			buildConfigurations = (
				B5EE62A92C5BF85D006CE07A /* Debug */,
				B5EE62AA2C5BF85D006CE07A /* Release */,
			);
			defaultConfigurationIsVisible = 0;
			defaultConfigurationName = Release;
		};
/* End XCConfigurationList section */
	};
	rootObject = B5EE62882C5BF85D006CE07A /* Project object */;
}
